
Microsoft Visual Studio Solution File, Format Version 12.00
# Visual Studio Version 17
VisualStudioVersion = 17.4.33213.308
MinimumVisualStudioVersion = 10.0.40219.1
Project("{9A19103F-16F7-4668-BE54-9A1E7A4F7556}") = "Cssure", "Cssure\Cssure.csproj", "{60C3A0B9-CFCF-428C-86BA-A611223086BF}"
EndProject
Project("{2150E333-8FDC-42A3-9474-1A3956D46DE8}") = "Python", "Python", "{815198EF-DED4-4951-9A94-544A5E62E035}"
	ProjectSection(SolutionItems) = preProject
		DataProcces.py = DataProcces.py
	EndProjectSection
EndProject
Global
	GlobalSection(SolutionConfigurationPlatforms) = preSolution
		Debug|Any CPU = Debug|Any CPU
		Release|Any CPU = Release|Any CPU
	EndGlobalSection
	GlobalSection(ProjectConfigurationPlatforms) = postSolution
		{60C3A0B9-CFCF-428C-86BA-A611223086BF}.Debug|Any CPU.ActiveCfg = Debug|Any CPU
		{60C3A0B9-CFCF-428C-86BA-A611223086BF}.Debug|Any CPU.Build.0 = Debug|Any CPU
		{60C3A0B9-CFCF-428C-86BA-A611223086BF}.Release|Any CPU.ActiveCfg = Release|Any CPU
		{60C3A0B9-CFCF-428C-86BA-A611223086BF}.Release|Any CPU.Build.0 = Release|Any CPU
	EndGlobalSection
	GlobalSection(SolutionProperties) = preSolution
		HideSolutionNode = FALSE
	EndGlobalSection
	GlobalSection(ExtensibilityGlobals) = postSolution
		SolutionGuid = {4A2CBD05-5DB1-4573-9385-860597ACB4D6}
	EndGlobalSection
EndGlobal
